// !$*UTF8*$!
{
	archiveVersion = 1;
	classes = {
	};
	objectVersion = 55;
	objects = {

/* Begin PBXBuildFile section */
		003D7A0C271D0B0F00C088D0 /* AddStockViewController.swift in Sources */ = {isa = PBXBuildFile; fileRef = 003D7A0B271D0B0F00C088D0 /* AddStockViewController.swift */; };
		004252F427460E39003CBBDD /* README.md in Resources */ = {isa = PBXBuildFile; fileRef = 004252F327460E39003CBBDD /* README.md */; };
		004252F727461386003CBBDD /* OverView.gif in Resources */ = {isa = PBXBuildFile; fileRef = 004252F627461386003CBBDD /* OverView.gif */; };
		004252F92746185B003CBBDD /* home.png in Resources */ = {isa = PBXBuildFile; fileRef = 004252F82746185B003CBBDD /* home.png */; };
		004252FB274618BC003CBBDD /* addStock.png in Resources */ = {isa = PBXBuildFile; fileRef = 004252FA274618BC003CBBDD /* addStock.png */; };
		004252FD274618F6003CBBDD /* searchStock.png in Resources */ = {isa = PBXBuildFile; fileRef = 004252FC274618F6003CBBDD /* searchStock.png */; };
		004252FF2746195C003CBBDD /* rightSwipe.png in Resources */ = {isa = PBXBuildFile; fileRef = 004252FE2746195C003CBBDD /* rightSwipe.png */; };
		00425301274619A7003CBBDD /* leftSwipe.png in Resources */ = {isa = PBXBuildFile; fileRef = 00425300274619A7003CBBDD /* leftSwipe.png */; };
		00425303274619F7003CBBDD /* soldStock.png in Resources */ = {isa = PBXBuildFile; fileRef = 00425302274619F7003CBBDD /* soldStock.png */; };
		0042530527461A38003CBBDD /* creits.png in Resources */ = {isa = PBXBuildFile; fileRef = 0042530427461A38003CBBDD /* creits.png */; };
		0042530727461B45003CBBDD /* detailView.png in Resources */ = {isa = PBXBuildFile; fileRef = 0042530627461B45003CBBDD /* detailView.png */; };
		00448C482745DB2200FAD32C /* CreditViewController.swift in Sources */ = {isa = PBXBuildFile; fileRef = 00448C472745DB2200FAD32C /* CreditViewController.swift */; };
		008443DF273B6CDF007A29BB /* SoldStockViewController.swift in Sources */ = {isa = PBXBuildFile; fileRef = 008443DE273B6CDF007A29BB /* SoldStockViewController.swift */; };
		00914F45271FA9BE009FB9E2 /* Stock.swift in Sources */ = {isa = PBXBuildFile; fileRef = 00914F44271FA9BE009FB9E2 /* Stock.swift */; };
		00A2BEF2272C4D5C00B1DBF5 /* StockDetailViewController.swift in Sources */ = {isa = PBXBuildFile; fileRef = 00A2BEF1272C4D5C00B1DBF5 /* StockDetailViewController.swift */; };
		00A2BEF4272C507400B1DBF5 /* CurrencyLabel.swift in Sources */ = {isa = PBXBuildFile; fileRef = 00A2BEF3272C507400B1DBF5 /* CurrencyLabel.swift */; };
		00B11A18271A59BF00BFA504 /* StockModel.xcdatamodeld in Sources */ = {isa = PBXBuildFile; fileRef = 00B11A16271A59BF00BFA504 /* StockModel.xcdatamodeld */; };
		00D39DAE2721055900A21104 /* CoreDataStack.swift in Sources */ = {isa = PBXBuildFile; fileRef = 00D39DAD2721055900A21104 /* CoreDataStack.swift */; };
		00F0A2B2274080770090D336 /* SearchViewController.swift in Sources */ = {isa = PBXBuildFile; fileRef = 00F0A2B1274080770090D336 /* SearchViewController.swift */; };
		00F0A2B42743351E0090D336 /* Currency.swift in Sources */ = {isa = PBXBuildFile; fileRef = 00F0A2B32743351E0090D336 /* Currency.swift */; };
		00FEBAE22701680600D10841 /* AppDelegate.swift in Sources */ = {isa = PBXBuildFile; fileRef = 00FEBAE12701680600D10841 /* AppDelegate.swift */; };
		00FEBAE42701680600D10841 /* SceneDelegate.swift in Sources */ = {isa = PBXBuildFile; fileRef = 00FEBAE32701680600D10841 /* SceneDelegate.swift */; };
		00FEBAE62701680600D10841 /* ViewController.swift in Sources */ = {isa = PBXBuildFile; fileRef = 00FEBAE52701680600D10841 /* ViewController.swift */; };
		00FEBAE92701680600D10841 /* Main.storyboard in Resources */ = {isa = PBXBuildFile; fileRef = 00FEBAE72701680600D10841 /* Main.storyboard */; };
		00FEBAEB2701680B00D10841 /* Assets.xcassets in Resources */ = {isa = PBXBuildFile; fileRef = 00FEBAEA2701680B00D10841 /* Assets.xcassets */; };
		00FEBAEE2701680B00D10841 /* LaunchScreen.storyboard in Resources */ = {isa = PBXBuildFile; fileRef = 00FEBAEC2701680B00D10841 /* LaunchScreen.storyboard */; };
/* End PBXBuildFile section */

/* Begin PBXFileReference section */
		003D7A0B271D0B0F00C088D0 /* AddStockViewController.swift */ = {isa = PBXFileReference; lastKnownFileType = sourcecode.swift; path = AddStockViewController.swift; sourceTree = "<group>"; };
		004252F327460E39003CBBDD /* README.md */ = {isa = PBXFileReference; lastKnownFileType = net.daringfireball.markdown; path = README.md; sourceTree = "<group>"; };
		004252F627461386003CBBDD /* OverView.gif */ = {isa = PBXFileReference; lastKnownFileType = image.gif; path = OverView.gif; sourceTree = "<group>"; };
		004252F82746185B003CBBDD /* home.png */ = {isa = PBXFileReference; lastKnownFileType = image.png; path = home.png; sourceTree = "<group>"; };
		004252FA274618BC003CBBDD /* addStock.png */ = {isa = PBXFileReference; lastKnownFileType = image.png; path = addStock.png; sourceTree = "<group>"; };
		004252FC274618F6003CBBDD /* searchStock.png */ = {isa = PBXFileReference; lastKnownFileType = image.png; path = searchStock.png; sourceTree = "<group>"; };
		004252FE2746195C003CBBDD /* rightSwipe.png */ = {isa = PBXFileReference; lastKnownFileType = image.png; path = rightSwipe.png; sourceTree = "<group>"; };
		00425300274619A7003CBBDD /* leftSwipe.png */ = {isa = PBXFileReference; lastKnownFileType = image.png; path = leftSwipe.png; sourceTree = "<group>"; };
		00425302274619F7003CBBDD /* soldStock.png */ = {isa = PBXFileReference; lastKnownFileType = image.png; path = soldStock.png; sourceTree = "<group>"; };
		0042530427461A38003CBBDD /* creits.png */ = {isa = PBXFileReference; lastKnownFileType = image.png; path = creits.png; sourceTree = "<group>"; };
		0042530627461B45003CBBDD /* detailView.png */ = {isa = PBXFileReference; lastKnownFileType = image.png; path = detailView.png; sourceTree = "<group>"; };
		00448C472745DB2200FAD32C /* CreditViewController.swift */ = {isa = PBXFileReference; lastKnownFileType = sourcecode.swift; path = CreditViewController.swift; sourceTree = "<group>"; };
		008443DE273B6CDF007A29BB /* SoldStockViewController.swift */ = {isa = PBXFileReference; lastKnownFileType = sourcecode.swift; path = SoldStockViewController.swift; sourceTree = "<group>"; };
		00914F44271FA9BE009FB9E2 /* Stock.swift */ = {isa = PBXFileReference; lastKnownFileType = sourcecode.swift; path = Stock.swift; sourceTree = "<group>"; };
		00A2BEF1272C4D5C00B1DBF5 /* StockDetailViewController.swift */ = {isa = PBXFileReference; lastKnownFileType = sourcecode.swift; path = StockDetailViewController.swift; sourceTree = "<group>"; };
		00A2BEF3272C507400B1DBF5 /* CurrencyLabel.swift */ = {isa = PBXFileReference; lastKnownFileType = sourcecode.swift; path = CurrencyLabel.swift; sourceTree = "<group>"; };
		00B11A17271A59BF00BFA504 /* Model.xcdatamodel */ = {isa = PBXFileReference; lastKnownFileType = wrapper.xcdatamodel; path = Model.xcdatamodel; sourceTree = "<group>"; };
		00D39DAD2721055900A21104 /* CoreDataStack.swift */ = {isa = PBXFileReference; lastKnownFileType = sourcecode.swift; path = CoreDataStack.swift; sourceTree = "<group>"; };
		00F0A2B1274080770090D336 /* SearchViewController.swift */ = {isa = PBXFileReference; lastKnownFileType = sourcecode.swift; path = SearchViewController.swift; sourceTree = "<group>"; };
		00F0A2B32743351E0090D336 /* Currency.swift */ = {isa = PBXFileReference; lastKnownFileType = sourcecode.swift; path = Currency.swift; sourceTree = "<group>"; };
		00FEBADE2701680600D10841 /* Stock Logger.app */ = {isa = PBXFileReference; explicitFileType = wrapper.application; includeInIndex = 0; path = "Stock Logger.app"; sourceTree = BUILT_PRODUCTS_DIR; };
		00FEBAE12701680600D10841 /* AppDelegate.swift */ = {isa = PBXFileReference; lastKnownFileType = sourcecode.swift; path = AppDelegate.swift; sourceTree = "<group>"; };
		00FEBAE32701680600D10841 /* SceneDelegate.swift */ = {isa = PBXFileReference; lastKnownFileType = sourcecode.swift; path = SceneDelegate.swift; sourceTree = "<group>"; };
		00FEBAE52701680600D10841 /* ViewController.swift */ = {isa = PBXFileReference; lastKnownFileType = sourcecode.swift; path = ViewController.swift; sourceTree = "<group>"; };
		00FEBAE82701680600D10841 /* Base */ = {isa = PBXFileReference; lastKnownFileType = file.storyboard; name = Base; path = Base.lproj/Main.storyboard; sourceTree = "<group>"; };
		00FEBAEA2701680B00D10841 /* Assets.xcassets */ = {isa = PBXFileReference; lastKnownFileType = folder.assetcatalog; path = Assets.xcassets; sourceTree = "<group>"; };
		00FEBAED2701680B00D10841 /* Base */ = {isa = PBXFileReference; lastKnownFileType = file.storyboard; name = Base; path = Base.lproj/LaunchScreen.storyboard; sourceTree = "<group>"; };
		00FEBAEF2701680B00D10841 /* Info.plist */ = {isa = PBXFileReference; lastKnownFileType = text.plist.xml; path = Info.plist; sourceTree = "<group>"; };
/* End PBXFileReference section */

/* Begin PBXFrameworksBuildPhase section */
		00FEBADB2701680600D10841 /* Frameworks */ = {
			isa = PBXFrameworksBuildPhase;
			buildActionMask = 2147483647;
			files = (
			);
			runOnlyForDeploymentPostprocessing = 0;
		};
/* End PBXFrameworksBuildPhase section */

/* Begin PBXGroup section */
		003D7A0D271D0B1E00C088D0 /* ViewControllers */ = {
			isa = PBXGroup;
			children = (
				00FEBAE52701680600D10841 /* ViewController.swift */,
				003D7A0B271D0B0F00C088D0 /* AddStockViewController.swift */,
				00A2BEF1272C4D5C00B1DBF5 /* StockDetailViewController.swift */,
				008443DE273B6CDF007A29BB /* SoldStockViewController.swift */,
				00F0A2B1274080770090D336 /* SearchViewController.swift */,
				00448C472745DB2200FAD32C /* CreditViewController.swift */,
			);
			path = ViewControllers;
			sourceTree = "<group>";
		};
		004252F5274612AE003CBBDD /* Images */ = {
			isa = PBXGroup;
			children = (
				004252F82746185B003CBBDD /* home.png */,
				004252FA274618BC003CBBDD /* addStock.png */,
				004252FC274618F6003CBBDD /* searchStock.png */,
				004252FE2746195C003CBBDD /* rightSwipe.png */,
				00425300274619A7003CBBDD /* leftSwipe.png */,
				00425302274619F7003CBBDD /* soldStock.png */,
				004252F627461386003CBBDD /* OverView.gif */,
				0042530627461B45003CBBDD /* detailView.png */,
				0042530427461A38003CBBDD /* creits.png */,
			);
			path = Images;
			sourceTree = "<group>";
		};
		00448C462745ACAD00FAD32C /* Delegates */ = {
			isa = PBXGroup;
			children = (
				00FEBAE12701680600D10841 /* AppDelegate.swift */,
				00FEBAE32701680600D10841 /* SceneDelegate.swift */,
			);
			path = Delegates;
			sourceTree = "<group>";
		};
		00914F43271FA94B009FB9E2 /* Models */ = {
			isa = PBXGroup;
			children = (
				00914F44271FA9BE009FB9E2 /* Stock.swift */,
				00D39DAD2721055900A21104 /* CoreDataStack.swift */,
				00A2BEF3272C507400B1DBF5 /* CurrencyLabel.swift */,
				00F0A2B32743351E0090D336 /* Currency.swift */,
			);
			path = Models;
			sourceTree = "<group>";
		};
		00FEBAD52701680600D10841 = {
			isa = PBXGroup;
			children = (
				004252F5274612AE003CBBDD /* Images */,
				004252F327460E39003CBBDD /* README.md */,
				00FEBAE02701680600D10841 /* Stock Logger */,
				00FEBADF2701680600D10841 /* Products */,
			);
			sourceTree = "<group>";
		};
		00FEBADF2701680600D10841 /* Products */ = {
			isa = PBXGroup;
			children = (
				00FEBADE2701680600D10841 /* Stock Logger.app */,
			);
			name = Products;
			sourceTree = "<group>";
		};
		00FEBAE02701680600D10841 /* Stock Logger */ = {
			isa = PBXGroup;
			children = (
				00448C462745ACAD00FAD32C /* Delegates */,
				00914F43271FA94B009FB9E2 /* Models */,
				003D7A0D271D0B1E00C088D0 /* ViewControllers */,
				00FEBAF5270176A300D10841 /* Story Boards */,
				00FEBAEA2701680B00D10841 /* Assets.xcassets */,
				00FEBAEF2701680B00D10841 /* Info.plist */,
				00B11A16271A59BF00BFA504 /* StockModel.xcdatamodeld */,
			);
			path = "Stock Logger";
			sourceTree = "<group>";
		};
		00FEBAF5270176A300D10841 /* Story Boards */ = {
			isa = PBXGroup;
			children = (
				00FEBAE72701680600D10841 /* Main.storyboard */,
				00FEBAEC2701680B00D10841 /* LaunchScreen.storyboard */,
			);
			path = "Story Boards";
			sourceTree = "<group>";
		};
/* End PBXGroup section */

/* Begin PBXNativeTarget section */
		00FEBADD2701680600D10841 /* Stock Logger */ = {
			isa = PBXNativeTarget;
			buildConfigurationList = 00FEBAF22701680B00D10841 /* Build configuration list for PBXNativeTarget "Stock Logger" */;
			buildPhases = (
				00FEBADA2701680600D10841 /* Sources */,
				00FEBADB2701680600D10841 /* Frameworks */,
				00FEBADC2701680600D10841 /* Resources */,
			);
			buildRules = (
			);
			dependencies = (
			);
			name = "Stock Logger";
			productName = "Stock Logger";
			productReference = 00FEBADE2701680600D10841 /* Stock Logger.app */;
			productType = "com.apple.product-type.application";
		};
/* End PBXNativeTarget section */

/* Begin PBXProject section */
		00FEBAD62701680600D10841 /* Project object */ = {
			isa = PBXProject;
			attributes = {
				BuildIndependentTargetsInParallel = 1;
				LastSwiftUpdateCheck = 1300;
				LastUpgradeCheck = 1300;
				TargetAttributes = {
					00FEBADD2701680600D10841 = {
						CreatedOnToolsVersion = 13.0;
					};
				};
			};
			buildConfigurationList = 00FEBAD92701680600D10841 /* Build configuration list for PBXProject "Stock Logger" */;
			compatibilityVersion = "Xcode 13.0";
			developmentRegion = en;
			hasScannedForEncodings = 0;
			knownRegions = (
				en,
				Base,
			);
			mainGroup = 00FEBAD52701680600D10841;
			productRefGroup = 00FEBADF2701680600D10841 /* Products */;
			projectDirPath = "";
			projectRoot = "";
			targets = (
				00FEBADD2701680600D10841 /* Stock Logger */,
			);
		};
/* End PBXProject section */

/* Begin PBXResourcesBuildPhase section */
		00FEBADC2701680600D10841 /* Resources */ = {
			isa = PBXResourcesBuildPhase;
			buildActionMask = 2147483647;
			files = (
				004252FB274618BC003CBBDD /* addStock.png in Resources */,
				0042530727461B45003CBBDD /* detailView.png in Resources */,
				00425301274619A7003CBBDD /* leftSwipe.png in Resources */,
				00FEBAEE2701680B00D10841 /* LaunchScreen.storyboard in Resources */,
				004252FF2746195C003CBBDD /* rightSwipe.png in Resources */,
				00FEBAEB2701680B00D10841 /* Assets.xcassets in Resources */,
				004252F92746185B003CBBDD /* home.png in Resources */,
				004252FD274618F6003CBBDD /* searchStock.png in Resources */,
				0042530527461A38003CBBDD /* creits.png in Resources */,
				004252F427460E39003CBBDD /* README.md in Resources */,
				00425303274619F7003CBBDD /* soldStock.png in Resources */,
				004252F727461386003CBBDD /* OverView.gif in Resources */,
				00FEBAE92701680600D10841 /* Main.storyboard in Resources */,
			);
			runOnlyForDeploymentPostprocessing = 0;
		};
/* End PBXResourcesBuildPhase section */

/* Begin PBXSourcesBuildPhase section */
		00FEBADA2701680600D10841 /* Sources */ = {
			isa = PBXSourcesBuildPhase;
			buildActionMask = 2147483647;
			files = (
				00F0A2B42743351E0090D336 /* Currency.swift in Sources */,
				00A2BEF2272C4D5C00B1DBF5 /* StockDetailViewController.swift in Sources */,
				00F0A2B2274080770090D336 /* SearchViewController.swift in Sources */,
				00D39DAE2721055900A21104 /* CoreDataStack.swift in Sources */,
				00FEBAE62701680600D10841 /* ViewController.swift in Sources */,
				00FEBAE22701680600D10841 /* AppDelegate.swift in Sources */,
				00914F45271FA9BE009FB9E2 /* Stock.swift in Sources */,
				008443DF273B6CDF007A29BB /* SoldStockViewController.swift in Sources */,
				00FEBAE42701680600D10841 /* SceneDelegate.swift in Sources */,
				00B11A18271A59BF00BFA504 /* StockModel.xcdatamodeld in Sources */,
				00448C482745DB2200FAD32C /* CreditViewController.swift in Sources */,
				00A2BEF4272C507400B1DBF5 /* CurrencyLabel.swift in Sources */,
				003D7A0C271D0B0F00C088D0 /* AddStockViewController.swift in Sources */,
			);
			runOnlyForDeploymentPostprocessing = 0;
		};
/* End PBXSourcesBuildPhase section */

/* Begin PBXVariantGroup section */
		00FEBAE72701680600D10841 /* Main.storyboard */ = {
			isa = PBXVariantGroup;
			children = (
				00FEBAE82701680600D10841 /* Base */,
			);
			name = Main.storyboard;
			sourceTree = "<group>";
		};
		00FEBAEC2701680B00D10841 /* LaunchScreen.storyboard */ = {
			isa = PBXVariantGroup;
			children = (
				00FEBAED2701680B00D10841 /* Base */,
			);
			name = LaunchScreen.storyboard;
			sourceTree = "<group>";
		};
/* End PBXVariantGroup section */

/* Begin XCBuildConfiguration section */
		00FEBAF02701680B00D10841 /* Debug */ = {
			isa = XCBuildConfiguration;
			buildSettings = {
				ALWAYS_SEARCH_USER_PATHS = NO;
				CLANG_ANALYZER_NONNULL = YES;
				CLANG_ANALYZER_NUMBER_OBJECT_CONVERSION = YES_AGGRESSIVE;
				CLANG_CXX_LANGUAGE_STANDARD = "gnu++17";
				CLANG_CXX_LIBRARY = "libc++";
				CLANG_ENABLE_MODULES = YES;
				CLANG_ENABLE_OBJC_ARC = YES;
				CLANG_ENABLE_OBJC_WEAK = YES;
				CLANG_WARN_BLOCK_CAPTURE_AUTORELEASING = YES;
				CLANG_WARN_BOOL_CONVERSION = YES;
				CLANG_WARN_COMMA = YES;
				CLANG_WARN_CONSTANT_CONVERSION = YES;
				CLANG_WARN_DEPRECATED_OBJC_IMPLEMENTATIONS = YES;
				CLANG_WARN_DIRECT_OBJC_ISA_USAGE = YES_ERROR;
				CLANG_WARN_DOCUMENTATION_COMMENTS = YES;
				CLANG_WARN_EMPTY_BODY = YES;
				CLANG_WARN_ENUM_CONVERSION = YES;
				CLANG_WARN_INFINITE_RECURSION = YES;
				CLANG_WARN_INT_CONVERSION = YES;
				CLANG_WARN_NON_LITERAL_NULL_CONVERSION = YES;
				CLANG_WARN_OBJC_IMPLICIT_RETAIN_SELF = YES;
				CLANG_WARN_OBJC_LITERAL_CONVERSION = YES;
				CLANG_WARN_OBJC_ROOT_CLASS = YES_ERROR;
				CLANG_WARN_QUOTED_INCLUDE_IN_FRAMEWORK_HEADER = YES;
				CLANG_WARN_RANGE_LOOP_ANALYSIS = YES;
				CLANG_WARN_STRICT_PROTOTYPES = YES;
				CLANG_WARN_SUSPICIOUS_MOVE = YES;
				CLANG_WARN_UNGUARDED_AVAILABILITY = YES_AGGRESSIVE;
				CLANG_WARN_UNREACHABLE_CODE = YES;
				CLANG_WARN__DUPLICATE_METHOD_MATCH = YES;
				COPY_PHASE_STRIP = NO;
				DEBUG_INFORMATION_FORMAT = dwarf;
				ENABLE_STRICT_OBJC_MSGSEND = YES;
				ENABLE_TESTABILITY = YES;
				GCC_C_LANGUAGE_STANDARD = gnu11;
				GCC_DYNAMIC_NO_PIC = NO;
				GCC_NO_COMMON_BLOCKS = YES;
				GCC_OPTIMIZATION_LEVEL = 0;
				GCC_PREPROCESSOR_DEFINITIONS = (
					"DEBUG=1",
					"$(inherited)",
				);
				GCC_WARN_64_TO_32_BIT_CONVERSION = YES;
				GCC_WARN_ABOUT_RETURN_TYPE = YES_ERROR;
				GCC_WARN_UNDECLARED_SELECTOR = YES;
				GCC_WARN_UNINITIALIZED_AUTOS = YES_AGGRESSIVE;
				GCC_WARN_UNUSED_FUNCTION = YES;
				GCC_WARN_UNUSED_VARIABLE = YES;
				IPHONEOS_DEPLOYMENT_TARGET = 15.0;
				MTL_ENABLE_DEBUG_INFO = INCLUDE_SOURCE;
				MTL_FAST_MATH = YES;
				ONLY_ACTIVE_ARCH = YES;
				SDKROOT = iphoneos;
				SWIFT_ACTIVE_COMPILATION_CONDITIONS = DEBUG;
				SWIFT_OPTIMIZATION_LEVEL = "-Onone";
			};
			name = Debug;
		};
		00FEBAF12701680B00D10841 /* Release */ = {
			isa = XCBuildConfiguration;
			buildSettings = {
				ALWAYS_SEARCH_USER_PATHS = NO;
				CLANG_ANALYZER_NONNULL = YES;
				CLANG_ANALYZER_NUMBER_OBJECT_CONVERSION = YES_AGGRESSIVE;
				CLANG_CXX_LANGUAGE_STANDARD = "gnu++17";
				CLANG_CXX_LIBRARY = "libc++";
				CLANG_ENABLE_MODULES = YES;
				CLANG_ENABLE_OBJC_ARC = YES;
				CLANG_ENABLE_OBJC_WEAK = YES;
				CLANG_WARN_BLOCK_CAPTURE_AUTORELEASING = YES;
				CLANG_WARN_BOOL_CONVERSION = YES;
				CLANG_WARN_COMMA = YES;
				CLANG_WARN_CONSTANT_CONVERSION = YES;
				CLANG_WARN_DEPRECATED_OBJC_IMPLEMENTATIONS = YES;
				CLANG_WARN_DIRECT_OBJC_ISA_USAGE = YES_ERROR;
				CLANG_WARN_DOCUMENTATION_COMMENTS = YES;
				CLANG_WARN_EMPTY_BODY = YES;
				CLANG_WARN_ENUM_CONVERSION = YES;
				CLANG_WARN_INFINITE_RECURSION = YES;
				CLANG_WARN_INT_CONVERSION = YES;
				CLANG_WARN_NON_LITERAL_NULL_CONVERSION = YES;
				CLANG_WARN_OBJC_IMPLICIT_RETAIN_SELF = YES;
				CLANG_WARN_OBJC_LITERAL_CONVERSION = YES;
				CLANG_WARN_OBJC_ROOT_CLASS = YES_ERROR;
				CLANG_WARN_QUOTED_INCLUDE_IN_FRAMEWORK_HEADER = YES;
				CLANG_WARN_RANGE_LOOP_ANALYSIS = YES;
				CLANG_WARN_STRICT_PROTOTYPES = YES;
				CLANG_WARN_SUSPICIOUS_MOVE = YES;
				CLANG_WARN_UNGUARDED_AVAILABILITY = YES_AGGRESSIVE;
				CLANG_WARN_UNREACHABLE_CODE = YES;
				CLANG_WARN__DUPLICATE_METHOD_MATCH = YES;
				COPY_PHASE_STRIP = NO;
				DEBUG_INFORMATION_FORMAT = "dwarf-with-dsym";
				ENABLE_NS_ASSERTIONS = NO;
				ENABLE_STRICT_OBJC_MSGSEND = YES;
				GCC_C_LANGUAGE_STANDARD = gnu11;
				GCC_NO_COMMON_BLOCKS = YES;
				GCC_WARN_64_TO_32_BIT_CONVERSION = YES;
				GCC_WARN_ABOUT_RETURN_TYPE = YES_ERROR;
				GCC_WARN_UNDECLARED_SELECTOR = YES;
				GCC_WARN_UNINITIALIZED_AUTOS = YES_AGGRESSIVE;
				GCC_WARN_UNUSED_FUNCTION = YES;
				GCC_WARN_UNUSED_VARIABLE = YES;
				IPHONEOS_DEPLOYMENT_TARGET = 15.0;
				MTL_ENABLE_DEBUG_INFO = NO;
				MTL_FAST_MATH = YES;
				SDKROOT = iphoneos;
				SWIFT_COMPILATION_MODE = wholemodule;
				SWIFT_OPTIMIZATION_LEVEL = "-O";
				VALIDATE_PRODUCT = YES;
			};
			name = Release;
		};
		00FEBAF32701680B00D10841 /* Debug */ = {
			isa = XCBuildConfiguration;
			buildSettings = {
				ASSETCATALOG_COMPILER_APPICON_NAME = AppIcon;
				ASSETCATALOG_COMPILER_GLOBAL_ACCENT_COLOR_NAME = AccentColor;
				CODE_SIGN_STYLE = Automatic;
				CURRENT_PROJECT_VERSION = 1;
				GENERATE_INFOPLIST_FILE = YES;
				INFOPLIST_FILE = "Stock Logger/Info.plist";
				INFOPLIST_KEY_UIApplicationSupportsIndirectInputEvents = YES;
				INFOPLIST_KEY_UILaunchStoryboardName = LaunchScreen;
				INFOPLIST_KEY_UIMainStoryboardFile = Main;
				INFOPLIST_KEY_UISupportedInterfaceOrientations = "UIInterfaceOrientationPortrait UIInterfaceOrientationLandscapeLeft UIInterfaceOrientationLandscapeRight";
				INFOPLIST_KEY_UISupportedInterfaceOrientations_iPad = "UIInterfaceOrientationPortrait UIInterfaceOrientationPortraitUpsideDown UIInterfaceOrientationLandscapeLeft UIInterfaceOrientationLandscapeRight";
				INFOPLIST_KEY_UISupportedInterfaceOrientations_iPhone = "UIInterfaceOrientationPortrait UIInterfaceOrientationLandscapeLeft UIInterfaceOrientationLandscapeRight";
				LD_RUNPATH_SEARCH_PATHS = (
					"$(inherited)",
					"@executable_path/Frameworks",
				);
				MARKETING_VERSION = 1.0;
				PRODUCT_BUNDLE_IDENTIFIER = "ca.stclairconnect.wyibulayin.Stock-Logger";
				PRODUCT_NAME = "$(TARGET_NAME)";
				SWIFT_EMIT_LOC_STRINGS = YES;
				SWIFT_VERSION = 5.0;
				TARGETED_DEVICE_FAMILY = "1,2";
			};
			name = Debug;
		};
		00FEBAF42701680B00D10841 /* Release */ = {
			isa = XCBuildConfiguration;
			buildSettings = {
				ASSETCATALOG_COMPILER_APPICON_NAME = AppIcon;
				ASSETCATALOG_COMPILER_GLOBAL_ACCENT_COLOR_NAME = AccentColor;
				CODE_SIGN_STYLE = Automatic;
				CURRENT_PROJECT_VERSION = 1;
				GENERATE_INFOPLIST_FILE = YES;
				INFOPLIST_FILE = "Stock Logger/Info.plist";
				INFOPLIST_KEY_UIApplicationSupportsIndirectInputEvents = YES;
				INFOPLIST_KEY_UILaunchStoryboardName = LaunchScreen;
				INFOPLIST_KEY_UIMainStoryboardFile = Main;
				INFOPLIST_KEY_UISupportedInterfaceOrientations = "UIInterfaceOrientationPortrait UIInterfaceOrientationLandscapeLeft UIInterfaceOrientationLandscapeRight";
				INFOPLIST_KEY_UISupportedInterfaceOrientations_iPad = "UIInterfaceOrientationPortrait UIInterfaceOrientationPortraitUpsideDown UIInterfaceOrientationLandscapeLeft UIInterfaceOrientationLandscapeRight";
				INFOPLIST_KEY_UISupportedInterfaceOrientations_iPhone = "UIInterfaceOrientationPortrait UIInterfaceOrientationLandscapeLeft UIInterfaceOrientationLandscapeRight";
				LD_RUNPATH_SEARCH_PATHS = (
					"$(inherited)",
					"@executable_path/Frameworks",
				);
				MARKETING_VERSION = 1.0;
				PRODUCT_BUNDLE_IDENTIFIER = "ca.stclairconnect.wyibulayin.Stock-Logger";
				PRODUCT_NAME = "$(TARGET_NAME)";
				SWIFT_EMIT_LOC_STRINGS = YES;
				SWIFT_VERSION = 5.0;
				TARGETED_DEVICE_FAMILY = "1,2";
			};
			name = Release;
		};
/* End XCBuildConfiguration section */

/* Begin XCConfigurationList section */
		00FEBAD92701680600D10841 /* Build configuration list for PBXProject "Stock Logger" */ = {
			isa = XCConfigurationList;
			buildConfigurations = (
				00FEBAF02701680B00D10841 /* Debug */,
				00FEBAF12701680B00D10841 /* Release */,
			);
			defaultConfigurationIsVisible = 0;
			defaultConfigurationName = Release;
		};
		00FEBAF22701680B00D10841 /* Build configuration list for PBXNativeTarget "Stock Logger" */ = {
			isa = XCConfigurationList;
			buildConfigurations = (
				00FEBAF32701680B00D10841 /* Debug */,
				00FEBAF42701680B00D10841 /* Release */,
			);
			defaultConfigurationIsVisible = 0;
			defaultConfigurationName = Release;
		};
/* End XCConfigurationList section */

/* Begin XCVersionGroup section */
		00B11A16271A59BF00BFA504 /* StockModel.xcdatamodeld */ = {
			isa = XCVersionGroup;
			children = (
				00B11A17271A59BF00BFA504 /* Model.xcdatamodel */,
			);
			currentVersion = 00B11A17271A59BF00BFA504 /* Model.xcdatamodel */;
			path = StockModel.xcdatamodeld;
			sourceTree = "<group>";
			versionGroupType = wrapper.xcdatamodel;
		};
/* End XCVersionGroup section */
	};
	rootObject = 00FEBAD62701680600D10841 /* Project object */;
}
